// !$*UTF8*$!
{
	archiveVersion = 1;
	classes = {
	};
	objectVersion = 50;
	objects = {

/* Begin PBXBuildFile section */
		ECFC3E9A2527611E00748B20 /* AppDelegate.swift in Sources */ = {isa = PBXBuildFile; fileRef = ECFC3E992527611E00748B20 /* AppDelegate.swift */; };
		ECFC3E9C2527611E00748B20 /* SceneDelegate.swift in Sources */ = {isa = PBXBuildFile; fileRef = ECFC3E9B2527611E00748B20 /* SceneDelegate.swift */; };
		ECFC3E9E2527611E00748B20 /* ViewController.swift in Sources */ = {isa = PBXBuildFile; fileRef = ECFC3E9D2527611E00748B20 /* ViewController.swift */; };
		ECFC3EA12527611E00748B20 /* Main.storyboard in Resources */ = {isa = PBXBuildFile; fileRef = ECFC3E9F2527611E00748B20 /* Main.storyboard */; };
		ECFC3EA32527612100748B20 /* Assets.xcassets in Resources */ = {isa = PBXBuildFile; fileRef = ECFC3EA22527612100748B20 /* Assets.xcassets */; };
		ECFC3EA62527612100748B20 /* LaunchScreen.storyboard in Resources */ = {isa = PBXBuildFile; fileRef = ECFC3EA42527612100748B20 /* LaunchScreen.storyboard */; };
		ECFC3EB12527612200748B20 /* Invitation_MakerTests.swift in Sources */ = {isa = PBXBuildFile; fileRef = ECFC3EB02527612200748B20 /* Invitation_MakerTests.swift */; };
		ECFC3EBC2527612200748B20 /* Invitation_MakerUITests.swift in Sources */ = {isa = PBXBuildFile; fileRef = ECFC3EBB2527612200748B20 /* Invitation_MakerUITests.swift */; };
/* End PBXBuildFile section */

/* Begin PBXContainerItemProxy section */
		ECFC3EAD2527612200748B20 /* PBXContainerItemProxy */ = {
			isa = PBXContainerItemProxy;
			containerPortal = ECFC3E8E2527611E00748B20 /* Project object */;
			proxyType = 1;
			remoteGlobalIDString = ECFC3E952527611E00748B20;
			remoteInfo = "Invitation Maker";
		};
		ECFC3EB82527612200748B20 /* PBXContainerItemProxy */ = {
			isa = PBXContainerItemProxy;
			containerPortal = ECFC3E8E2527611E00748B20 /* Project object */;
			proxyType = 1;
			remoteGlobalIDString = ECFC3E952527611E00748B20;
			remoteInfo = "Invitation Maker";
		};
/* End PBXContainerItemProxy section */

/* Begin PBXFileReference section */
		ECFC3E962527611E00748B20 /* Invitation Maker.app */ = {isa = PBXFileReference; explicitFileType = wrapper.application; includeInIndex = 0; path = "Invitation Maker.app"; sourceTree = BUILT_PRODUCTS_DIR; };
		ECFC3E992527611E00748B20 /* AppDelegate.swift */ = {isa = PBXFileReference; lastKnownFileType = sourcecode.swift; path = AppDelegate.swift; sourceTree = "<group>"; };
		ECFC3E9B2527611E00748B20 /* SceneDelegate.swift */ = {isa = PBXFileReference; lastKnownFileType = sourcecode.swift; path = SceneDelegate.swift; sourceTree = "<group>"; };
		ECFC3E9D2527611E00748B20 /* ViewController.swift */ = {isa = PBXFileReference; lastKnownFileType = sourcecode.swift; path = ViewController.swift; sourceTree = "<group>"; };
		ECFC3EA02527611E00748B20 /* Base */ = {isa = PBXFileReference; lastKnownFileType = file.storyboard; name = Base; path = Base.lproj/Main.storyboard; sourceTree = "<group>"; };
		ECFC3EA22527612100748B20 /* Assets.xcassets */ = {isa = PBXFileReference; lastKnownFileType = folder.assetcatalog; path = Assets.xcassets; sourceTree = "<group>"; };
		ECFC3EA52527612100748B20 /* Base */ = {isa = PBXFileReference; lastKnownFileType = file.storyboard; name = Base; path = Base.lproj/LaunchScreen.storyboard; sourceTree = "<group>"; };
		ECFC3EA72527612100748B20 /* Info.plist */ = {isa = PBXFileReference; lastKnownFileType = text.plist.xml; path = Info.plist; sourceTree = "<group>"; };
		ECFC3EAC2527612200748B20 /* Invitation MakerTests.xctest */ = {isa = PBXFileReference; explicitFileType = wrapper.cfbundle; includeInIndex = 0; path = "Invitation MakerTests.xctest"; sourceTree = BUILT_PRODUCTS_DIR; };
		ECFC3EB02527612200748B20 /* Invitation_MakerTests.swift */ = {isa = PBXFileReference; lastKnownFileType = sourcecode.swift; path = Invitation_MakerTests.swift; sourceTree = "<group>"; };
		ECFC3EB22527612200748B20 /* Info.plist */ = {isa = PBXFileReference; lastKnownFileType = text.plist.xml; path = Info.plist; sourceTree = "<group>"; };
		ECFC3EB72527612200748B20 /* Invitation MakerUITests.xctest */ = {isa = PBXFileReference; explicitFileType = wrapper.cfbundle; includeInIndex = 0; path = "Invitation MakerUITests.xctest"; sourceTree = BUILT_PRODUCTS_DIR; };
		ECFC3EBB2527612200748B20 /* Invitation_MakerUITests.swift */ = {isa = PBXFileReference; lastKnownFileType = sourcecode.swift; path = Invitation_MakerUITests.swift; sourceTree = "<group>"; };
		ECFC3EBD2527612200748B20 /* Info.plist */ = {isa = PBXFileReference; lastKnownFileType = text.plist.xml; path = Info.plist; sourceTree = "<group>"; };
/* End PBXFileReference section */

/* Begin PBXFrameworksBuildPhase section */
		ECFC3E932527611E00748B20 /* Frameworks */ = {
			isa = PBXFrameworksBuildPhase;
			buildActionMask = 2147483647;
			files = (
			);
			runOnlyForDeploymentPostprocessing = 0;
		};
		ECFC3EA92527612200748B20 /* Frameworks */ = {
			isa = PBXFrameworksBuildPhase;
			buildActionMask = 2147483647;
			files = (
			);
			runOnlyForDeploymentPostprocessing = 0;
		};
		ECFC3EB42527612200748B20 /* Frameworks */ = {
			isa = PBXFrameworksBuildPhase;
			buildActionMask = 2147483647;
			files = (
			);
			runOnlyForDeploymentPostprocessing = 0;
		};
/* End PBXFrameworksBuildPhase section */

/* Begin PBXGroup section */
		ECFC3E8D2527611E00748B20 = {
			isa = PBXGroup;
			children = (
				ECFC3E982527611E00748B20 /* Invitation Maker */,
				ECFC3EAF2527612200748B20 /* Invitation MakerTests */,
				ECFC3EBA2527612200748B20 /* Invitation MakerUITests */,
				ECFC3E972527611E00748B20 /* Products */,
			);
			sourceTree = "<group>";
		};
		ECFC3E972527611E00748B20 /* Products */ = {
			isa = PBXGroup;
			children = (
				ECFC3E962527611E00748B20 /* Invitation Maker.app */,
				ECFC3EAC2527612200748B20 /* Invitation MakerTests.xctest */,
				ECFC3EB72527612200748B20 /* Invitation MakerUITests.xctest */,
			);
			name = Products;
			sourceTree = "<group>";
		};
		ECFC3E982527611E00748B20 /* Invitation Maker */ = {
			isa = PBXGroup;
			children = (
				ECFC3E992527611E00748B20 /* AppDelegate.swift */,
				ECFC3E9B2527611E00748B20 /* SceneDelegate.swift */,
				ECFC3E9D2527611E00748B20 /* ViewController.swift */,
				ECFC3E9F2527611E00748B20 /* Main.storyboard */,
				ECFC3EA22527612100748B20 /* Assets.xcassets */,
				ECFC3EA42527612100748B20 /* LaunchScreen.storyboard */,
				ECFC3EA72527612100748B20 /* Info.plist */,
			);
			path = "Invitation Maker";
			sourceTree = "<group>";
		};
		ECFC3EAF2527612200748B20 /* Invitation MakerTests */ = {
			isa = PBXGroup;
			children = (
				ECFC3EB02527612200748B20 /* Invitation_MakerTests.swift */,
				ECFC3EB22527612200748B20 /* Info.plist */,
			);
			path = "Invitation MakerTests";
			sourceTree = "<group>";
		};
		ECFC3EBA2527612200748B20 /* Invitation MakerUITests */ = {
			isa = PBXGroup;
			children = (
				ECFC3EBB2527612200748B20 /* Invitation_MakerUITests.swift */,
				ECFC3EBD2527612200748B20 /* Info.plist */,
			);
			path = "Invitation MakerUITests";
			sourceTree = "<group>";
		};
/* End PBXGroup section */

/* Begin PBXNativeTarget section */
		ECFC3E952527611E00748B20 /* Invitation Maker */ = {
			isa = PBXNativeTarget;
			buildConfigurationList = ECFC3EC02527612200748B20 /* Build configuration list for PBXNativeTarget "Invitation Maker" */;
			buildPhases = (
				ECFC3E922527611E00748B20 /* Sources */,
				ECFC3E932527611E00748B20 /* Frameworks */,
				ECFC3E942527611E00748B20 /* Resources */,
			);
			buildRules = (
			);
			dependencies = (
			);
			name = "Invitation Maker";
			productName = "Invitation Maker";
			productReference = ECFC3E962527611E00748B20 /* Invitation Maker.app */;
			productType = "com.apple.product-type.application";
		};
		ECFC3EAB2527612200748B20 /* Invitation MakerTests */ = {
			isa = PBXNativeTarget;
			buildConfigurationList = ECFC3EC32527612200748B20 /* Build configuration list for PBXNativeTarget "Invitation MakerTests" */;
			buildPhases = (
				ECFC3EA82527612200748B20 /* Sources */,
				ECFC3EA92527612200748B20 /* Frameworks */,
				ECFC3EAA2527612200748B20 /* Resources */,
			);
			buildRules = (
			);
			dependencies = (
				ECFC3EAE2527612200748B20 /* PBXTargetDependency */,
			);
			name = "Invitation MakerTests";
			productName = "Invitation MakerTests";
			productReference = ECFC3EAC2527612200748B20 /* Invitation MakerTests.xctest */;
			productType = "com.apple.product-type.bundle.unit-test";
		};
		ECFC3EB62527612200748B20 /* Invitation MakerUITests */ = {
			isa = PBXNativeTarget;
			buildConfigurationList = ECFC3EC62527612200748B20 /* Build configuration list for PBXNativeTarget "Invitation MakerUITests" */;
			buildPhases = (
				ECFC3EB32527612200748B20 /* Sources */,
				ECFC3EB42527612200748B20 /* Frameworks */,
				ECFC3EB52527612200748B20 /* Resources */,
			);
			buildRules = (
			);
			dependencies = (
				ECFC3EB92527612200748B20 /* PBXTargetDependency */,
			);
			name = "Invitation MakerUITests";
			productName = "Invitation MakerUITests";
			productReference = ECFC3EB72527612200748B20 /* Invitation MakerUITests.xctest */;
			productType = "com.apple.product-type.bundle.ui-testing";
		};
/* End PBXNativeTarget section */

/* Begin PBXProject section */
		ECFC3E8E2527611E00748B20 /* Project object */ = {
			isa = PBXProject;
			attributes = {
				LastSwiftUpdateCheck = 1170;
				LastUpgradeCheck = 1170;
				ORGANIZATIONNAME = "Anh Tuan Ng";
				TargetAttributes = {
					ECFC3E952527611E00748B20 = {
						CreatedOnToolsVersion = 11.7;
					};
					ECFC3EAB2527612200748B20 = {
						CreatedOnToolsVersion = 11.7;
						TestTargetID = ECFC3E952527611E00748B20;
					};
					ECFC3EB62527612200748B20 = {
						CreatedOnToolsVersion = 11.7;
						TestTargetID = ECFC3E952527611E00748B20;
					};
				};
			};
			buildConfigurationList = ECFC3E912527611E00748B20 /* Build configuration list for PBXProject "Invitation Maker" */;
			compatibilityVersion = "Xcode 9.3";
			developmentRegion = en;
			hasScannedForEncodings = 0;
			knownRegions = (
				en,
				Base,
			);
			mainGroup = ECFC3E8D2527611E00748B20;
			productRefGroup = ECFC3E972527611E00748B20 /* Products */;
			projectDirPath = "";
			projectRoot = "";
			targets = (
				ECFC3E952527611E00748B20 /* Invitation Maker */,
				ECFC3EAB2527612200748B20 /* Invitation MakerTests */,
				ECFC3EB62527612200748B20 /* Invitation MakerUITests */,
			);
		};
/* End PBXProject section */

/* Begin PBXResourcesBuildPhase section */
		ECFC3E942527611E00748B20 /* Resources */ = {
			isa = PBXResourcesBuildPhase;
			buildActionMask = 2147483647;
			files = (
				ECFC3EA62527612100748B20 /* LaunchScreen.storyboard in Resources */,
				ECFC3EA32527612100748B20 /* Assets.xcassets in Resources */,
				ECFC3EA12527611E00748B20 /* Main.storyboard in Resources */,
			);
			runOnlyForDeploymentPostprocessing = 0;
		};
		ECFC3EAA2527612200748B20 /* Resources */ = {
			isa = PBXResourcesBuildPhase;
			buildActionMask = 2147483647;
			files = (
			);
			runOnlyForDeploymentPostprocessing = 0;
		};
		ECFC3EB52527612200748B20 /* Resources */ = {
			isa = PBXResourcesBuildPhase;
			buildActionMask = 2147483647;
			files = (
			);
			runOnlyForDeploymentPostprocessing = 0;
		};
/* End PBXResourcesBuildPhase section */

/* Begin PBXSourcesBuildPhase section */
		ECFC3E922527611E00748B20 /* Sources */ = {
			isa = PBXSourcesBuildPhase;
			buildActionMask = 2147483647;
			files = (
				ECFC3E9E2527611E00748B20 /* ViewController.swift in Sources */,
				ECFC3E9A2527611E00748B20 /* AppDelegate.swift in Sources */,
				ECFC3E9C2527611E00748B20 /* SceneDelegate.swift in Sources */,
			);
			runOnlyForDeploymentPostprocessing = 0;
		};
		ECFC3EA82527612200748B20 /* Sources */ = {
			isa = PBXSourcesBuildPhase;
			buildActionMask = 2147483647;
			files = (
				ECFC3EB12527612200748B20 /* Invitation_MakerTests.swift in Sources */,
			);
			runOnlyForDeploymentPostprocessing = 0;
		};
		ECFC3EB32527612200748B20 /* Sources */ = {
			isa = PBXSourcesBuildPhase;
			buildActionMask = 2147483647;
			files = (
				ECFC3EBC2527612200748B20 /* Invitation_MakerUITests.swift in Sources */,
			);
			runOnlyForDeploymentPostprocessing = 0;
		};
/* End PBXSourcesBuildPhase section */

/* Begin PBXTargetDependency section */
		ECFC3EAE2527612200748B20 /* PBXTargetDependency */ = {
			isa = PBXTargetDependency;
			target = ECFC3E952527611E00748B20 /* Invitation Maker */;
			targetProxy = ECFC3EAD2527612200748B20 /* PBXContainerItemProxy */;
		};
		ECFC3EB92527612200748B20 /* PBXTargetDependency */ = {
			isa = PBXTargetDependency;
			target = ECFC3E952527611E00748B20 /* Invitation Maker */;
			targetProxy = ECFC3EB82527612200748B20 /* PBXContainerItemProxy */;
		};
/* End PBXTargetDependency section */

/* Begin PBXVariantGroup section */
		ECFC3E9F2527611E00748B20 /* Main.storyboard */ = {
			isa = PBXVariantGroup;
			children = (
				ECFC3EA02527611E00748B20 /* Base */,
			);
			name = Main.storyboard;
			sourceTree = "<group>";
		};
		ECFC3EA42527612100748B20 /* LaunchScreen.storyboard */ = {
			isa = PBXVariantGroup;
			children = (
				ECFC3EA52527612100748B20 /* Base */,
			);
			name = LaunchScreen.storyboard;
			sourceTree = "<group>";
		};
/* End PBXVariantGroup section */

/* Begin XCBuildConfiguration section */
		ECFC3EBE2527612200748B20 /* Debug */ = {
			isa = XCBuildConfiguration;
			buildSettings = {
				ALWAYS_SEARCH_USER_PATHS = NO;
				CLANG_ANALYZER_NONNULL = YES;
				CLANG_ANALYZER_NUMBER_OBJECT_CONVERSION = YES_AGGRESSIVE;
				CLANG_CXX_LANGUAGE_STANDARD = "gnu++14";
				CLANG_CXX_LIBRARY = "libc++";
				CLANG_ENABLE_MODULES = YES;
				CLANG_ENABLE_OBJC_ARC = YES;
				CLANG_ENABLE_OBJC_WEAK = YES;
				CLANG_WARN_BLOCK_CAPTURE_AUTORELEASING = YES;
				CLANG_WARN_BOOL_CONVERSION = YES;
				CLANG_WARN_COMMA = YES;
				CLANG_WARN_CONSTANT_CONVERSION = YES;
				CLANG_WARN_DEPRECATED_OBJC_IMPLEMENTATIONS = YES;
				CLANG_WARN_DIRECT_OBJC_ISA_USAGE = YES_ERROR;
				CLANG_WARN_DOCUMENTATION_COMMENTS = YES;
				CLANG_WARN_EMPTY_BODY = YES;
				CLANG_WARN_ENUM_CONVERSION = YES;
				CLANG_WARN_INFINITE_RECURSION = YES;
				CLANG_WARN_INT_CONVERSION = YES;
				CLANG_WARN_NON_LITERAL_NULL_CONVERSION = YES;
				CLANG_WARN_OBJC_IMPLICIT_RETAIN_SELF = YES;
				CLANG_WARN_OBJC_LITERAL_CONVERSION = YES;
				CLANG_WARN_OBJC_ROOT_CLASS = YES_ERROR;
				CLANG_WARN_RANGE_LOOP_ANALYSIS = YES;
				CLANG_WARN_STRICT_PROTOTYPES = YES;
				CLANG_WARN_SUSPICIOUS_MOVE = YES;
				CLANG_WARN_UNGUARDED_AVAILABILITY = YES_AGGRESSIVE;
				CLANG_WARN_UNREACHABLE_CODE = YES;
				CLANG_WARN__DUPLICATE_METHOD_MATCH = YES;
				COPY_PHASE_STRIP = NO;
				DEBUG_INFORMATION_FORMAT = dwarf;
				ENABLE_STRICT_OBJC_MSGSEND = YES;
				ENABLE_TESTABILITY = YES;
				GCC_C_LANGUAGE_STANDARD = gnu11;
				GCC_DYNAMIC_NO_PIC = NO;
				GCC_NO_COMMON_BLOCKS = YES;
				GCC_OPTIMIZATION_LEVEL = 0;
				GCC_PREPROCESSOR_DEFINITIONS = (
					"DEBUG=1",
					"$(inherited)",
				);
				GCC_WARN_64_TO_32_BIT_CONVERSION = YES;
				GCC_WARN_ABOUT_RETURN_TYPE = YES_ERROR;
				GCC_WARN_UNDECLARED_SELECTOR = YES;
				GCC_WARN_UNINITIALIZED_AUTOS = YES_AGGRESSIVE;
				GCC_WARN_UNUSED_FUNCTION = YES;
				GCC_WARN_UNUSED_VARIABLE = YES;
				IPHONEOS_DEPLOYMENT_TARGET = 13.7;
				MTL_ENABLE_DEBUG_INFO = INCLUDE_SOURCE;
				MTL_FAST_MATH = YES;
				ONLY_ACTIVE_ARCH = YES;
				SDKROOT = iphoneos;
				SWIFT_ACTIVE_COMPILATION_CONDITIONS = DEBUG;
				SWIFT_OPTIMIZATION_LEVEL = "-Onone";
			};
			name = Debug;
		};
		ECFC3EBF2527612200748B20 /* Release */ = {
			isa = XCBuildConfiguration;
			buildSettings = {
				ALWAYS_SEARCH_USER_PATHS = NO;
				CLANG_ANALYZER_NONNULL = YES;
				CLANG_ANALYZER_NUMBER_OBJECT_CONVERSION = YES_AGGRESSIVE;
				CLANG_CXX_LANGUAGE_STANDARD = "gnu++14";
				CLANG_CXX_LIBRARY = "libc++";
				CLANG_ENABLE_MODULES = YES;
				CLANG_ENABLE_OBJC_ARC = YES;
				CLANG_ENABLE_OBJC_WEAK = YES;
				CLANG_WARN_BLOCK_CAPTURE_AUTORELEASING = YES;
				CLANG_WARN_BOOL_CONVERSION = YES;
				CLANG_WARN_COMMA = YES;
				CLANG_WARN_CONSTANT_CONVERSION = YES;
				CLANG_WARN_DEPRECATED_OBJC_IMPLEMENTATIONS = YES;
				CLANG_WARN_DIRECT_OBJC_ISA_USAGE = YES_ERROR;
				CLANG_WARN_DOCUMENTATION_COMMENTS = YES;
				CLANG_WARN_EMPTY_BODY = YES;
				CLANG_WARN_ENUM_CONVERSION = YES;
				CLANG_WARN_INFINITE_RECURSION = YES;
				CLANG_WARN_INT_CONVERSION = YES;
				CLANG_WARN_NON_LITERAL_NULL_CONVERSION = YES;
				CLANG_WARN_OBJC_IMPLICIT_RETAIN_SELF = YES;
				CLANG_WARN_OBJC_LITERAL_CONVERSION = YES;
				CLANG_WARN_OBJC_ROOT_CLASS = YES_ERROR;
				CLANG_WARN_RANGE_LOOP_ANALYSIS = YES;
				CLANG_WARN_STRICT_PROTOTYPES = YES;
				CLANG_WARN_SUSPICIOUS_MOVE = YES;
				CLANG_WARN_UNGUARDED_AVAILABILITY = YES_AGGRESSIVE;
				CLANG_WARN_UNREACHABLE_CODE = YES;
				CLANG_WARN__DUPLICATE_METHOD_MATCH = YES;
				COPY_PHASE_STRIP = NO;
				DEBUG_INFORMATION_FORMAT = "dwarf-with-dsym";
				ENABLE_NS_ASSERTIONS = NO;
				ENABLE_STRICT_OBJC_MSGSEND = YES;
				GCC_C_LANGUAGE_STANDARD = gnu11;
				GCC_NO_COMMON_BLOCKS = YES;
				GCC_WARN_64_TO_32_BIT_CONVERSION = YES;
				GCC_WARN_ABOUT_RETURN_TYPE = YES_ERROR;
				GCC_WARN_UNDECLARED_SELECTOR = YES;
				GCC_WARN_UNINITIALIZED_AUTOS = YES_AGGRESSIVE;
				GCC_WARN_UNUSED_FUNCTION = YES;
				GCC_WARN_UNUSED_VARIABLE = YES;
				IPHONEOS_DEPLOYMENT_TARGET = 13.7;
				MTL_ENABLE_DEBUG_INFO = NO;
				MTL_FAST_MATH = YES;
				SDKROOT = iphoneos;
				SWIFT_COMPILATION_MODE = wholemodule;
				SWIFT_OPTIMIZATION_LEVEL = "-O";
				VALIDATE_PRODUCT = YES;
			};
			name = Release;
		};
		ECFC3EC12527612200748B20 /* Debug */ = {
			isa = XCBuildConfiguration;
			buildSettings = {
				ASSETCATALOG_COMPILER_APPICON_NAME = AppIcon;
				CODE_SIGN_STYLE = Automatic;
				INFOPLIST_FILE = "Invitation Maker/Info.plist";
				LD_RUNPATH_SEARCH_PATHS = (
					"$(inherited)",
					"@executable_path/Frameworks",
				);
				PRODUCT_BUNDLE_IDENTIFIER = "com.ngnahtn.Invitation-Maker";
				PRODUCT_NAME = "$(TARGET_NAME)";
				SWIFT_VERSION = 5.0;
				TARGETED_DEVICE_FAMILY = "1,2";
			};
			name = Debug;
		};
		ECFC3EC22527612200748B20 /* Release */ = {
			isa = XCBuildConfiguration;
			buildSettings = {
				ASSETCATALOG_COMPILER_APPICON_NAME = AppIcon;
				CODE_SIGN_STYLE = Automatic;
				INFOPLIST_FILE = "Invitation Maker/Info.plist";
				LD_RUNPATH_SEARCH_PATHS = (
					"$(inherited)",
					"@executable_path/Frameworks",
				);
				PRODUCT_BUNDLE_IDENTIFIER = "com.ngnahtn.Invitation-Maker";
				PRODUCT_NAME = "$(TARGET_NAME)";
				SWIFT_VERSION = 5.0;
				TARGETED_DEVICE_FAMILY = "1,2";
			};
			name = Release;
		};
		ECFC3EC42527612200748B20 /* Debug */ = {
			isa = XCBuildConfiguration;
			buildSettings = {
				ALWAYS_EMBED_SWIFT_STANDARD_LIBRARIES = YES;
				BUNDLE_LOADER = "$(TEST_HOST)";
				CODE_SIGN_STYLE = Automatic;
				INFOPLIST_FILE = "Invitation MakerTests/Info.plist";
				IPHONEOS_DEPLOYMENT_TARGET = 13.7;
				LD_RUNPATH_SEARCH_PATHS = (
					"$(inherited)",
					"@executable_path/Frameworks",
					"@loader_path/Frameworks",
				);
				PRODUCT_BUNDLE_IDENTIFIER = "com.ngnahtn.Invitation-MakerTests";
				PRODUCT_NAME = "$(TARGET_NAME)";
				SWIFT_VERSION = 5.0;
				TARGETED_DEVICE_FAMILY = "1,2";
				TEST_HOST = "$(BUILT_PRODUCTS_DIR)/Invitation Maker.app/Invitation Maker";
			};
			name = Debug;
		};
		ECFC3EC52527612200748B20 /* Release */ = {
			isa = XCBuildConfiguration;
			buildSettings = {
				ALWAYS_EMBED_SWIFT_STANDARD_LIBRARIES = YES;
				BUNDLE_LOADER = "$(TEST_HOST)";
				CODE_SIGN_STYLE = Automatic;
				INFOPLIST_FILE = "Invitation MakerTests/Info.plist";
				IPHONEOS_DEPLOYMENT_TARGET = 13.7;
				LD_RUNPATH_SEARCH_PATHS = (
					"$(inherited)",
					"@executable_path/Frameworks",
					"@loader_path/Frameworks",
				);
				PRODUCT_BUNDLE_IDENTIFIER = "com.ngnahtn.Invitation-MakerTests";
				PRODUCT_NAME = "$(TARGET_NAME)";
				SWIFT_VERSION = 5.0;
				TARGETED_DEVICE_FAMILY = "1,2";
				TEST_HOST = "$(BUILT_PRODUCTS_DIR)/Invitation Maker.app/Invitation Maker";
			};
			name = Release;
		};
		ECFC3EC72527612200748B20 /* Debug */ = {
			isa = XCBuildConfiguration;
			buildSettings = {
				ALWAYS_EMBED_SWIFT_STANDARD_LIBRARIES = YES;
				CODE_SIGN_STYLE = Automatic;
				INFOPLIST_FILE = "Invitation MakerUITests/Info.plist";
				LD_RUNPATH_SEARCH_PATHS = (
					"$(inherited)",
					"@executable_path/Frameworks",
					"@loader_path/Frameworks",
				);
				PRODUCT_BUNDLE_IDENTIFIER = "com.ngnahtn.Invitation-MakerUITests";
				PRODUCT_NAME = "$(TARGET_NAME)";
				SWIFT_VERSION = 5.0;
				TARGETED_DEVICE_FAMILY = "1,2";
				TEST_TARGET_NAME = "Invitation Maker";
			};
			name = Debug;
		};
		ECFC3EC82527612200748B20 /* Release */ = {
			isa = XCBuildConfiguration;
			buildSettings = {
				ALWAYS_EMBED_SWIFT_STANDARD_LIBRARIES = YES;
				CODE_SIGN_STYLE = Automatic;
				INFOPLIST_FILE = "Invitation MakerUITests/Info.plist";
				LD_RUNPATH_SEARCH_PATHS = (
					"$(inherited)",
					"@executable_path/Frameworks",
					"@loader_path/Frameworks",
				);
				PRODUCT_BUNDLE_IDENTIFIER = "com.ngnahtn.Invitation-MakerUITests";
				PRODUCT_NAME = "$(TARGET_NAME)";
				SWIFT_VERSION = 5.0;
				TARGETED_DEVICE_FAMILY = "1,2";
				TEST_TARGET_NAME = "Invitation Maker";
			};
			name = Release;
		};
/* End XCBuildConfiguration section */

/* Begin XCConfigurationList section */
		ECFC3E912527611E00748B20 /* Build configuration list for PBXProject "Invitation Maker" */ = {
			isa = XCConfigurationList;
			buildConfigurations = (
				ECFC3EBE2527612200748B20 /* Debug */,
				ECFC3EBF2527612200748B20 /* Release */,
			);
			defaultConfigurationIsVisible = 0;
			defaultConfigurationName = Release;
		};
		ECFC3EC02527612200748B20 /* Build configuration list for PBXNativeTarget "Invitation Maker" */ = {
			isa = XCConfigurationList;
			buildConfigurations = (
				ECFC3EC12527612200748B20 /* Debug */,
				ECFC3EC22527612200748B20 /* Release */,
			);
			defaultConfigurationIsVisible = 0;
			defaultConfigurationName = Release;
		};
		ECFC3EC32527612200748B20 /* Build configuration list for PBXNativeTarget "Invitation MakerTests" */ = {
			isa = XCConfigurationList;
			buildConfigurations = (
				ECFC3EC42527612200748B20 /* Debug */,
				ECFC3EC52527612200748B20 /* Release */,
			);
			defaultConfigurationIsVisible = 0;
			defaultConfigurationName = Release;
		};
		ECFC3EC62527612200748B20 /* Build configuration list for PBXNativeTarget "Invitation MakerUITests" */ = {
			isa = XCConfigurationList;
			buildConfigurations = (
				ECFC3EC72527612200748B20 /* Debug */,
				ECFC3EC82527612200748B20 /* Release */,
			);
			defaultConfigurationIsVisible = 0;
			defaultConfigurationName = Release;
		};
/* End XCConfigurationList section */
	};
	rootObject = ECFC3E8E2527611E00748B20 /* Project object */;
}
